# THIS IS AN AUTOGENERATED FILE. DO NOT EDIT THIS FILE DIRECTLY.
# yarn lockfile v1


bs-platform@^4.0.7:
  version "4.0.18"
  resolved "https://registry.yarnpkg.com/bs-platform/-/bs-platform-4.0.18.tgz#d17b8693ba1f714d9b27e0ddb365f2069ba4b8a0"
  integrity sha512-BwzW0iYHvREqUZIgQxJmdJrxexppLvJxYQ4LLexbhCp7uZU5DIZ5ub4ZHpkCkc8fn8bsXWc+Rrejb3csi+BoAQ==

d3-array@^1.2.0:
  version "1.2.4"
  resolved "https://registry.yarnpkg.com/d3-array/-/d3-array-1.2.4.tgz#635ce4d5eea759f6f605863dbcfc30edc737f71f"
  integrity sha512-KHW6M86R+FUPYGb3R5XiYjXPq7VzwxZ22buHhAEVG5ztoEcZZMLov530mmccaqA1GghZArjQV46fuc8kUqhhHw==

d3-collection@1:
  version "1.0.7"
  resolved "https://registry.yarnpkg.com/d3-collection/-/d3-collection-1.0.7.tgz#349bd2aa9977db071091c13144d5e4f16b5b310e"
  integrity sha512-ii0/r5f4sjKNTfh84Di+DpztYwqKhEyUlKoPrzUFfeSkWxjW49xU2QzO9qrPrNkpdI0XJkfzvmTu8V2Zylln6A==

d3-color@1:
  version "1.2.3"
  resolved "https://registry.yarnpkg.com/d3-color/-/d3-color-1.2.3.tgz#6c67bb2af6df3cc8d79efcc4d3a3e83e28c8048f"
  integrity sha512-x37qq3ChOTLd26hnps36lexMRhNXEtVxZ4B25rL0DVdDsGQIJGB18S7y9XDwlDD6MD/ZBzITCf4JjGMM10TZkw==

d3-ease@^1.0.0:
  version "1.0.5"
  resolved "https://registry.yarnpkg.com/d3-ease/-/d3-ease-1.0.5.tgz#8ce59276d81241b1b72042d6af2d40e76d936ffb"
  integrity sha512-Ct1O//ly5y5lFM9YTdu+ygq7LleSgSE4oj7vUt9tPLHUi8VCV7QoizGpdWRWAwCO9LdYzIrQDg97+hGVdsSGPQ==

d3-format@1:
  version "1.3.2"
  resolved "https://registry.yarnpkg.com/d3-format/-/d3-format-1.3.2.tgz#6a96b5e31bcb98122a30863f7d92365c00603562"
  integrity sha512-Z18Dprj96ExragQ0DeGi+SYPQ7pPfRMtUXtsg/ChVIKNBCzjO8XYJvRTC1usblx52lqge56V5ect+frYTQc8WQ==

d3-interpolate@1, d3-interpolate@^1.1.1:
  version "1.3.2"
  resolved "https://registry.yarnpkg.com/d3-interpolate/-/d3-interpolate-1.3.2.tgz#417d3ebdeb4bc4efcc8fd4361c55e4040211fd68"
  integrity sha512-NlNKGopqaz9qM1PXh9gBF1KSCVh+jSFErrSlD/4hybwoNX/gt1d8CDbDW+3i+5UOHhjC6s6nMvRxcuoMVNgL2w==
  dependencies:
    d3-color "1"

d3-path@1:
  version "1.0.7"
  resolved "https://registry.yarnpkg.com/d3-path/-/d3-path-1.0.7.tgz#8de7cd693a75ac0b5480d3abaccd94793e58aae8"
  integrity sha512-q0cW1RpvA5c5ma2rch62mX8AYaiLX0+bdaSM2wxSU9tXjU4DNvkx9qiUvjkuWCj3p22UO/hlPivujqMiR9PDzA==

d3-scale@^1.0.0:
  version "1.0.7"
  resolved "https://registry.yarnpkg.com/d3-scale/-/d3-scale-1.0.7.tgz#fa90324b3ea8a776422bd0472afab0b252a0945d"
  integrity sha512-KvU92czp2/qse5tUfGms6Kjig0AhHOwkzXG0+PqIJB3ke0WUv088AHMZI0OssO9NCkXt4RP8yju9rpH8aGB7Lw==
  dependencies:
    d3-array "^1.2.0"
    d3-collection "1"
    d3-color "1"
    d3-format "1"
    d3-interpolate "1"
    d3-time "1"
    d3-time-format "2"

d3-shape@^1.0.0, d3-shape@^1.2.0:
  version "1.3.4"
  resolved "https://registry.yarnpkg.com/d3-shape/-/d3-shape-1.3.4.tgz#358e76014645321eecc7c364e188f8ae3d2a07d4"
  integrity sha512-izaz4fOpOnY3CD17hkZWNxbaN70sIGagLR/5jb6RS96Y+6VqX+q1BQf1av6QSBRdfULi3Gb8Js4CzG4+KAPjMg==
  dependencies:
    d3-path "1"

d3-time-format@2:
  version "2.1.3"
  resolved "https://registry.yarnpkg.com/d3-time-format/-/d3-time-format-2.1.3.tgz#ae06f8e0126a9d60d6364eac5b1533ae1bac826b"
  integrity sha512-6k0a2rZryzGm5Ihx+aFMuO1GgelgIz+7HhB4PH4OEndD5q2zGn1mDfRdNrulspOfR6JXkb2sThhDK41CSK85QA==
  dependencies:
    d3-time "1"

d3-time@1:
  version "1.0.11"
  resolved "https://registry.yarnpkg.com/d3-time/-/d3-time-1.0.11.tgz#1d831a3e25cd189eb256c17770a666368762bbce"
  integrity sha512-Z3wpvhPLW4vEScGeIMUckDW7+3hWKOQfAWg/U7PlWBnQmeKQ00gCUsTtWSYulrKNA7ta8hJ+xXc6MHrMuITwEw==

d3-timer@^1.0.0:
  version "1.0.9"
  resolved "https://registry.yarnpkg.com/d3-timer/-/d3-timer-1.0.9.tgz#f7bb8c0d597d792ff7131e1c24a36dd471a471ba"
  integrity sha512-rT34J5HnQUHhcLvhSB9GjCkN0Ddd5Y8nCwDBG2u6wQEeYxT/Lf51fTFFkldeib/sE/J0clIe0pnCfs6g/lRbyg==

d3-voronoi@^1.1.2:
  version "1.1.4"
  resolved "https://registry.yarnpkg.com/d3-voronoi/-/d3-voronoi-1.1.4.tgz#dd3c78d7653d2bb359284ae478645d95944c8297"
  integrity sha512-dArJ32hchFsrQ8uMiTBLq256MpnZjeuBtdHpaDlYuQyjU0CVzCJl/BVW+SkszaAeH95D/8gxqAhgx0ouAWAfRg==

"js-tokens@^3.0.0 || ^4.0.0":
  version "4.0.0"
  resolved "https://registry.yarnpkg.com/js-tokens/-/js-tokens-4.0.0.tgz#19203fb59991df98e3a287050d4647cdeaf32499"
  integrity sha512-RdJUflcE3cUzKiMqQgsCu06FPu9UdIJO0beYbPhHN4k6apgJtifcoCtT9bcxOpYBtpD2kCM6Sbzg4CausW/PKQ==

lodash@^4.17.5:
  version "4.17.11"
  resolved "https://registry.yarnpkg.com/lodash/-/lodash-4.17.11.tgz#b39ea6229ef607ecd89e2c8df12536891cac9b8d"
  integrity sha512-cQKh8igo5QUhZ7lg38DYWAxMvjSAKG0A8wGSVimP07SIUEK2UO+arSRKbRZWtelMtN5V0Hkwh5ryOto/SshYIg==

loose-envify@^1.1.0, loose-envify@^1.4.0:
  version "1.4.0"
  resolved "https://registry.yarnpkg.com/loose-envify/-/loose-envify-1.4.0.tgz#71ee51fa7be4caec1a63839f7e682d8132d30caf"
  integrity sha512-lyuxPGr/Wfhrlem2CL/UcnUc1zcqKAImBDzukY7Y5F/yQiNdko6+fRLevlw1HgMySw7f611UIY408EtxRSoK3Q==
  dependencies:
    js-tokens "^3.0.0 || ^4.0.0"

object-assign@^4.1.1:
  version "4.1.1"
  resolved "https://registry.yarnpkg.com/object-assign/-/object-assign-4.1.1.tgz#2109adc7965887cfc05cbbd442cac8bfbb360863"
  integrity sha1-IQmtx5ZYh8/AXLvUQsrIv7s2CGM=

prop-types@^15.5.8, prop-types@^15.6.2:
  version "15.7.2"
  resolved "https://registry.yarnpkg.com/prop-types/-/prop-types-15.7.2.tgz#52c41e75b8c87e72b9d9360e0206b99dcbffa6c5"
  integrity sha512-8QQikdH7//R2vurIJSutZ1smHYTcLpRWEOlHnzcWHmBYrOGUysKwSsrC89BCiFj3CbrfJ/nXFdJepOVrY1GCHQ==
  dependencies:
    loose-envify "^1.4.0"
    object-assign "^4.1.1"
    react-is "^16.8.1"

"react-dom@>=15.0.0 || >=16.0.0":
  version "16.8.4"
  resolved "https://registry.yarnpkg.com/react-dom/-/react-dom-16.8.4.tgz#1061a8e01a2b3b0c8160037441c3bf00a0e3bc48"
  integrity sha512-Ob2wK7XG2tUDt7ps7LtLzGYYB6DXMCLj0G5fO6WeEICtT4/HdpOi7W/xLzZnR6RCG1tYza60nMdqtxzA8FaPJQ==
  dependencies:
    loose-envify "^1.1.0"
    object-assign "^4.1.1"
    prop-types "^15.6.2"
    scheduler "^0.13.4"

react-fast-compare@^2.0.0:
  version "2.0.4"
  resolved "https://registry.yarnpkg.com/react-fast-compare/-/react-fast-compare-2.0.4.tgz#e84b4d455b0fec113e0402c329352715196f81f9"
  integrity sha512-suNP+J1VU1MWFKcyt7RtjiSWUjvidmQSlqu+eHslq+342xCbGTYmC0mEhPCOHxlW0CywylOC1u2DFAT+bv4dBw==

react-is@^16.8.1:
  version "16.8.4"
  resolved "https://registry.yarnpkg.com/react-is/-/react-is-16.8.4.tgz#90f336a68c3a29a096a3d648ab80e87ec61482a2"
  integrity sha512-PVadd+WaUDOAciICm/J1waJaSvgq+4rHE/K70j0PFqKhkTBsPv/82UGQJNXAngz1fOQLLxI6z1sEDmJDQhCTAA==

"react@>=15.0.0 || >=16.0.0":
  version "16.8.4"
  resolved "https://registry.yarnpkg.com/react/-/react-16.8.4.tgz#fdf7bd9ae53f03a9c4cd1a371432c206be1c4768"
  integrity sha512-0GQ6gFXfUH7aZcjGVymlPOASTuSjlQL4ZtVC5YKH+3JL6bBLCVO21DknzmaPlI90LN253ojj02nsapy+j7wIjg==
  dependencies:
    loose-envify "^1.1.0"
    object-assign "^4.1.1"
    prop-types "^15.6.2"
    scheduler "^0.13.4"

reason-react@^0.5.3:
  version "0.5.3"
  resolved "https://registry.yarnpkg.com/reason-react/-/reason-react-0.5.3.tgz#10601809742fd991109ec9d69ad4baf2c3f17540"
  integrity sha512-dUkoqXrP/gOjkmkW+k/otEUP+yeXH5+QfdxNT5EW60MXM3zbCdFhbNzKBbjYOZ6x96UbxK869CObjX04BdJEDg==
  dependencies:
    react ">=15.0.0 || >=16.0.0"
    react-dom ">=15.0.0 || >=16.0.0"

scheduler@^0.13.4:
  version "0.13.4"
  resolved "https://registry.yarnpkg.com/scheduler/-/scheduler-0.13.4.tgz#8fef05e7a3580c76c0364d2df5e550e4c9140298"
  integrity sha512-cvSOlRPxOHs5dAhP9yiS/6IDmVAVxmk33f0CtTJRkmUWcb1Us+t7b1wqdzoC0REw2muC9V5f1L/w5R5uKGaepA==
  dependencies:
    loose-envify "^1.1.0"
    object-assign "^4.1.1"

victory-area@^32.0.0:
  version "32.0.0"
  resolved "https://registry.yarnpkg.com/victory-area/-/victory-area-32.0.0.tgz#f4445cdc3c4347d66d685003f0cb3eb34a0fec9a"
  integrity sha512-9FUOnulKy2LowHmtYvpQcVosLnBq2OTc0uhPiIBq6aGRDZmF0nIjEJbEuVByU9hEYYDHUXszLpaEudSpWFJLvQ==
  dependencies:
    d3-shape "^1.2.0"
    lodash "^4.17.5"
    prop-types "^15.5.8"
    victory-core "^32.0.0"

victory-axis@^32.0.0:
  version "32.0.0"
  resolved "https://registry.yarnpkg.com/victory-axis/-/victory-axis-32.0.0.tgz#d0a6173be25eea11f311dbb01ba85671652d9ec0"
  integrity sha512-IMZXQjVdst63w828tfvg92RZelMfrO8WGqFbiyN3nKYF6pYPibvuuYwZJQyErbw2ixD6hYVLtho007pJeRLjvA==
  dependencies:
    lodash "^4.17.5"
    prop-types "^15.5.8"
    victory-core "^32.0.0"

victory-bar@^32.0.0:
  version "32.0.0"
  resolved "https://registry.yarnpkg.com/victory-bar/-/victory-bar-32.0.0.tgz#200285a89646b0d166b51822dc2341176ab8d53b"
  integrity sha512-2ID9pb/wftQeJSLg8n0AMlfsndLCZQA1hL40fDLUwV7KZo7Egq+MAzGlOW/0585oVCMiYnhb1t0GLoKXGsI3LA==
  dependencies:
    d3-shape "^1.2.0"
    lodash "^4.17.5"
    prop-types "^15.5.8"
    victory-core "^32.0.0"

victory-box-plot@^32.0.0:
  version "32.0.0"
  resolved "https://registry.yarnpkg.com/victory-box-plot/-/victory-box-plot-32.0.0.tgz#5bc0682ae91deab4736c06fc0d4894e795b3682f"
  integrity sha512-iS2u+AY44EWJ7qUK+I55Dm8fCvqnlcs4baBm+OUC/egtnRG8E2T9PdOZULAfwoDfq5SaNRC6ngy1vnQMbDf8Bg==
  dependencies:
    d3-array "^1.2.0"
    lodash "^4.17.5"
    prop-types "^15.5.8"
    victory-core "^32.0.0"

victory-brush-container@^32.0.0:
  version "32.0.0"
  resolved "https://registry.yarnpkg.com/victory-brush-container/-/victory-brush-container-32.0.0.tgz#953edd0cf4d8c62fc8573dddffb58b4edc364077"
  integrity sha512-7ruw0l4hVMYwPauFglcpfEKaclyreYwRqIlRWZqcYMNT4nm72pAti50VkPYfqpIm0jArP8RMIsnh5mObyeoZlw==
  dependencies:
    lodash "^4.17.5"
    prop-types "^15.5.8"
    victory-core "^32.0.0"

victory-brush-line@^32.0.0:
  version "32.0.0"
  resolved "https://registry.yarnpkg.com/victory-brush-line/-/victory-brush-line-32.0.0.tgz#f47e473e7b9d6f1358b5c57a659a0cdfdfabeebe"
  integrity sha512-SMiVCpfNiSlncHSJc48ifDGxH5sGhl+nIAiHs7qPTnLhBi05VFpkp2lTsWtxVmqBMW9o1lyoQSgaTOg6q+hJmw==
  dependencies:
    lodash "^4.17.5"
    prop-types "^15.5.8"
    victory-core "^32.0.0"

victory-candlestick@^32.0.0:
  version "32.0.0"
  resolved "https://registry.yarnpkg.com/victory-candlestick/-/victory-candlestick-32.0.0.tgz#96d3d988cdd9795f7530db8507b79ca9410ec4c2"
  integrity sha512-OxrUod/WLqpZod0XLV417KIpBmznTRVSbIyOGMIes8uGRxdLZTpJHkNDH3r90dKm+kW5lQjI9e4iaHa5KvXujg==
  dependencies:
    lodash "^4.17.5"
    prop-types "^15.5.8"
    victory-core "^32.0.0"

victory-chart@^32.0.0:
  version "32.0.0"
  resolved "https://registry.yarnpkg.com/victory-chart/-/victory-chart-32.0.0.tgz#4fd5876adb901415bdf2edb4bd1299166cf9b3c9"
  integrity sha512-f3AumiMqKmoO4lHNilyxQ1/gv0umrbyaNpU1axnbrwyKIJ7qDH2ZTsDwPpaOivwybFveNi3g3u54m+DaVyUz9A==
  dependencies:
    lodash "^4.17.5"
    prop-types "^15.5.8"
    react-fast-compare "^2.0.0"
    victory-axis "^32.0.0"
    victory-core "^32.0.0"
    victory-polar-axis "^32.0.0"
    victory-shared-events "^32.0.0"

victory-core@^32.0.0:
  version "32.0.0"
  resolved "https://registry.yarnpkg.com/victory-core/-/victory-core-32.0.0.tgz#8eddfd8776948f1f1c1c13a9404c3854ef6df64d"
  integrity sha512-zhWXBXiFua5gX5plh1Cqb1IZqyn7Edkr2J+i4unrJ0BMtKMrxYcIftJJ/X9nVLdJcMrGnhJsj8MT0D196iFx/Q==
  dependencies:
    d3-ease "^1.0.0"
    d3-interpolate "^1.1.1"
    d3-scale "^1.0.0"
    d3-shape "^1.2.0"
    d3-timer "^1.0.0"
    lodash "^4.17.5"
    prop-types "^15.5.8"
    react-fast-compare "^2.0.0"

victory-create-container@^32.0.0:
  version "32.0.0"
  resolved "https://registry.yarnpkg.com/victory-create-container/-/victory-create-container-32.0.0.tgz#31b6eb2733bdb7ea4730005f334a47d1c1c75bbf"
  integrity sha512-37fWwswVcWUs11MwP9+x6bzEQtmQrqmm+QTrlZPGFnAMCjQAgiyfluK1OjYB5KEd+OMUGpgMmK8AXWsl2paJkw==
  dependencies:
    lodash "^4.17.5"
    victory-brush-container "^32.0.0"
    victory-core "^32.0.0"
    victory-cursor-container "^32.0.0"
    victory-selection-container "^32.0.0"
    victory-voronoi-container "^32.0.0"
    victory-zoom-container "^32.0.0"

victory-cursor-container@^32.0.0:
  version "32.0.0"
  resolved "https://registry.yarnpkg.com/victory-cursor-container/-/victory-cursor-container-32.0.0.tgz#a1a061991c773a0c0ff0afe15fd45040dac72e5d"
  integrity sha512-9q8dra0hiUNWUmTADEtZrg/NcYv/a0uc7yAOjHAKkFv4pI662KRQWRZDgU0rz1R+bPXeri858HPCFujaKer/SQ==
  dependencies:
    lodash "^4.17.5"
    prop-types "^15.5.8"
    victory-core "^32.0.0"

victory-errorbar@^32.0.0:
  version "32.0.0"
  resolved "https://registry.yarnpkg.com/victory-errorbar/-/victory-errorbar-32.0.0.tgz#59cbc21d0303b686d43c9ccee3c903b6b6ab4cec"
  integrity sha512-G9JPVXWZl7JVxQYgJ6BrSwuIXiP+/Ez2brc7wDllG89u9C8XARtM3DVP4q/1Zrw/Cmxxgb9uYphnT5TNur/rzA==
  dependencies:
    lodash "^4.17.5"
    prop-types "^15.5.8"
    victory-core "^32.0.0"

victory-group@^32.0.0:
  version "32.0.0"
  resolved "https://registry.yarnpkg.com/victory-group/-/victory-group-32.0.0.tgz#b4568f6c9b6851581dbd33cfc02cc0d1a5e4f6b1"
  integrity sha512-JxxNB/9zkiNefAFHrZPzawLrLemuTMHqJXATwCYhZbLdV7OTdrqZLVVs979GLuIgPtyVq+WehBXCr0npyl6jTQ==
  dependencies:
    lodash "^4.17.5"
    prop-types "^15.5.8"
    react-fast-compare "^2.0.0"
    victory-core "^32.0.0"

victory-legend@^32.0.0:
  version "32.0.0"
  resolved "https://registry.yarnpkg.com/victory-legend/-/victory-legend-32.0.0.tgz#a2be6335d695fddcf7ffec7784caf6280d1854f7"
  integrity sha512-M+PNeUnfZl/KGg72jcDEHgyf3BU4Ddc+oWR3Kmjnafq228LvCC77PFQtAQ1q4+0aO5kmD89W7ZSOaP8F0VLTeg==
  dependencies:
    lodash "^4.17.5"
    prop-types "^15.5.8"
    victory-core "^32.0.0"

victory-line@^32.0.0:
  version "32.0.0"
  resolved "https://registry.yarnpkg.com/victory-line/-/victory-line-32.0.0.tgz#139830e99d056a43d14f3bfedcd43795917b1179"
  integrity sha512-cXFFiPCZOqUiCmraXokJrjt2G3gn82UsHjoeEcSAbfFkfbSKBPBpv/r5lrR6MkGz3A5LjURzqqLR56IIAxZ/tA==
  dependencies:
    d3-shape "^1.2.0"
    lodash "^4.17.5"
    prop-types "^15.5.8"
    victory-core "^32.0.0"

victory-pie@^32.0.0:
  version "32.0.0"
  resolved "https://registry.yarnpkg.com/victory-pie/-/victory-pie-32.0.0.tgz#06f089a247eb353b6c692b811887386051a07b34"
  integrity sha512-lvz7elEFRtqOXKYtvY6CZVHfLAjv8tPaCgYc4WeDJP0WUHhxDRIm+2D02spARuriO8HrJOqQtPV1h6+5RSgUDw==
  dependencies:
    d3-shape "^1.0.0"
    lodash "^4.17.5"
    prop-types "^15.5.8"
    victory-core "^32.0.0"

victory-polar-axis@^32.0.0:
  version "32.0.0"
  resolved "https://registry.yarnpkg.com/victory-polar-axis/-/victory-polar-axis-32.0.0.tgz#246a0ddccea6da10a2d921e10c300a3aeb434908"
  integrity sha512-YwYmqkQewOYvoYK4jOxpPPnKP3e7nv9CozWR/u20RaXkziiXHXLp6drWi30vvCwGRxj4uP+fDE+IgnWjZVVcHg==
  dependencies:
    lodash "^4.17.5"
    prop-types "^15.5.8"
    victory-core "^32.0.0"

victory-scatter@^32.0.0:
  version "32.0.0"
  resolved "https://registry.yarnpkg.com/victory-scatter/-/victory-scatter-32.0.0.tgz#84b310c496bffbf813001f6855499f49fb1e6529"
  integrity sha512-TgaQNYJagu1JWlNaJWZCnOgsEYvZTrWda2DhpH7dYZSlfmAFkt9DcK8w3M4/5Ck5XuribN8t5T34FkKHrrN7wQ==
  dependencies:
    lodash "^4.17.5"
    prop-types "^15.5.8"
    victory-core "^32.0.0"

victory-selection-container@^32.0.0:
  version "32.0.0"
  resolved "https://registry.yarnpkg.com/victory-selection-container/-/victory-selection-container-32.0.0.tgz#58e389af6f9411651cb936e49bcdad1cc4bae6d3"
  integrity sha512-iLvYZctEwo1ePUV5oUvnE2ZjozJnOmQCBRIZCOqt7pvBPVX5Oj9WAKPO9cjoD0HRqKhDEwAVQL17cPl3Y8bcyg==
  dependencies:
    lodash "^4.17.5"
    prop-types "^15.5.8"
    victory-core "^32.0.0"

victory-shared-events@^32.0.0:
  version "32.0.0"
  resolved "https://registry.yarnpkg.com/victory-shared-events/-/victory-shared-events-32.0.0.tgz#70d9b9fe3c1fbf756c1b845a41b93897acbe8ebe"
  integrity sha512-QJ2nlZx37ctA+Wv4m72RfrSuzN+3l259pOzoFi/Ohbjq7voPqnjbE3J3VA6QyrSzJ/Dpgkg/d6eZ1xIQx7VW2Q==
  dependencies:
    lodash "^4.17.5"
    prop-types "^15.5.8"
    react-fast-compare "^2.0.0"
    victory-core "^32.0.0"

victory-stack@^32.0.0:
  version "32.0.0"
  resolved "https://registry.yarnpkg.com/victory-stack/-/victory-stack-32.0.0.tgz#aadacda9b54ab2c7d3138504b3ed9f4fbb5d6bee"
  integrity sha512-khblVbwEFJgFt9d7F3hMzyVwQ7yEzqnKN2zgUiNlo5AhD2eFoBapmeD2wBx1Y+iaay8+vHomh+/AJRgo1VAVDw==
  dependencies:
    lodash "^4.17.5"
    prop-types "^15.5.8"
    react-fast-compare "^2.0.0"
    victory-core "^32.0.0"

victory-tooltip@^32.0.0:
  version "32.0.0"
  resolved "https://registry.yarnpkg.com/victory-tooltip/-/victory-tooltip-32.0.0.tgz#5590efa46b76b70474bb2d1e4acad6630942d41b"
  integrity sha512-BcMlg7KK213zzxZNVRI6du4KKNRjsIN3wOL6g37YLAq+EQPxk07Syd9q4I/nnCswyxwVqHKOEL5Uo+ycXMbjGw==
  dependencies:
    lodash "^4.17.5"
    prop-types "^15.5.8"
    victory-core "^32.0.0"

victory-voronoi-container@^32.0.0:
  version "32.0.0"
  resolved "https://registry.yarnpkg.com/victory-voronoi-container/-/victory-voronoi-container-32.0.0.tgz#edecf6881100c6ce000341487b403e934161b70a"
  integrity sha512-J5WQzuJPzBH9Wf0tM8sesEdB7gJwjaOFsr2nIgQz7cHRi+L+H8uffaFaLaYgCaQ6ZM+DzyaYaqN6cLf6FJ3WSQ==
  dependencies:
    d3-voronoi "^1.1.2"
    lodash "^4.17.5"
    prop-types "^15.5.8"
    victory-core "^32.0.0"
    victory-tooltip "^32.0.0"

victory-voronoi@^32.0.0:
  version "32.0.0"
  resolved "https://registry.yarnpkg.com/victory-voronoi/-/victory-voronoi-32.0.0.tgz#bbea93a2d0c24c2294f29ffb7458401916404a83"
  integrity sha512-QIxIRgl3590vC1tRyGAhXD0ZgJMOzkbr2QojrRQ1SAt1NEwcDexSWzTEdKhhgVOul33vsbSZ9bPcK52MbkNyRQ==
  dependencies:
    d3-voronoi "^1.1.2"
    lodash "^4.17.5"
    prop-types "^15.5.8"
    victory-core "^32.0.0"

victory-zoom-container@^32.0.0:
  version "32.0.0"
  resolved "https://registry.yarnpkg.com/victory-zoom-container/-/victory-zoom-container-32.0.0.tgz#81d57629ea23fd7287204460b98046e8d5dddef0"
  integrity sha512-88QJVNkonPcrq2/lxxSfLrFCMuFkK7kFst3rhqR98Rbf/zmgzZlWGEceMh5dl5jVDyUDIYFReTQt5/Sg7uUgPQ==
  dependencies:
    lodash "^4.17.5"
    prop-types "^15.5.8"
    victory-core "^32.0.0"

victory@^32.0.0:
  version "32.0.0"
  resolved "https://registry.yarnpkg.com/victory/-/victory-32.0.0.tgz#6a04902af022b5d0d2141d64aa8a054af10d955b"
  integrity sha512-jTJY0XWrCRHbPo63nXqZ4cKv1osbhBjmH2PWfpEaA+/0MJGhx6fnqwetn1wGzEpWD/4ryx+rhnZgP9FU+f1zOw==
  dependencies:
    victory-area "^32.0.0"
    victory-axis "^32.0.0"
    victory-bar "^32.0.0"
    victory-box-plot "^32.0.0"
    victory-brush-container "^32.0.0"
    victory-brush-line "^32.0.0"
    victory-candlestick "^32.0.0"
    victory-chart "^32.0.0"
    victory-core "^32.0.0"
    victory-create-container "^32.0.0"
    victory-cursor-container "^32.0.0"
    victory-errorbar "^32.0.0"
    victory-group "^32.0.0"
    victory-legend "^32.0.0"
    victory-line "^32.0.0"
    victory-pie "^32.0.0"
    victory-polar-axis "^32.0.0"
    victory-scatter "^32.0.0"
    victory-selection-container "^32.0.0"
    victory-shared-events "^32.0.0"
    victory-stack "^32.0.0"
    victory-tooltip "^32.0.0"
    victory-voronoi "^32.0.0"
    victory-voronoi-container "^32.0.0"
    victory-zoom-container "^32.0.0"
